// !$*UTF8*$!
{
	archiveVersion = 1;
	classes = {
	};
	objectVersion = 50;
	objects = {

/* Begin PBXBuildFile section */
		283070FB24BC485400E96718 /* AppDelegate.swift in Sources */ = {isa = PBXBuildFile; fileRef = 283070FA24BC485400E96718 /* AppDelegate.swift */; };
		283070FD24BC485400E96718 /* SceneDelegate.swift in Sources */ = {isa = PBXBuildFile; fileRef = 283070FC24BC485400E96718 /* SceneDelegate.swift */; };
		283070FF24BC485400E96718 /* ViewController.swift in Sources */ = {isa = PBXBuildFile; fileRef = 283070FE24BC485400E96718 /* ViewController.swift */; };
		2830710224BC485400E96718 /* Main.storyboard in Resources */ = {isa = PBXBuildFile; fileRef = 2830710024BC485400E96718 /* Main.storyboard */; };
		2830710424BC485500E96718 /* Assets.xcassets in Resources */ = {isa = PBXBuildFile; fileRef = 2830710324BC485500E96718 /* Assets.xcassets */; };
		2830710724BC485500E96718 /* LaunchScreen.storyboard in Resources */ = {isa = PBXBuildFile; fileRef = 2830710524BC485500E96718 /* LaunchScreen.storyboard */; };
		2830710F24BC485F00E96718 /* extension.swift in Sources */ = {isa = PBXBuildFile; fileRef = 2830710E24BC485F00E96718 /* extension.swift */; };
/* End PBXBuildFile section */

/* Begin PBXFileReference section */
		283070F724BC485400E96718 /* swift_image_cacher.app */ = {isa = PBXFileReference; explicitFileType = wrapper.application; includeInIndex = 0; path = swift_image_cacher.app; sourceTree = BUILT_PRODUCTS_DIR; };
		283070FA24BC485400E96718 /* AppDelegate.swift */ = {isa = PBXFileReference; lastKnownFileType = sourcecode.swift; path = AppDelegate.swift; sourceTree = "<group>"; };
		283070FC24BC485400E96718 /* SceneDelegate.swift */ = {isa = PBXFileReference; lastKnownFileType = sourcecode.swift; path = SceneDelegate.swift; sourceTree = "<group>"; };
		283070FE24BC485400E96718 /* ViewController.swift */ = {isa = PBXFileReference; lastKnownFileType = sourcecode.swift; path = ViewController.swift; sourceTree = "<group>"; };
		2830710124BC485400E96718 /* Base */ = {isa = PBXFileReference; lastKnownFileType = file.storyboard; name = Base; path = Base.lproj/Main.storyboard; sourceTree = "<group>"; };
		2830710324BC485500E96718 /* Assets.xcassets */ = {isa = PBXFileReference; lastKnownFileType = folder.assetcatalog; path = Assets.xcassets; sourceTree = "<group>"; };
		2830710624BC485500E96718 /* Base */ = {isa = PBXFileReference; lastKnownFileType = file.storyboard; name = Base; path = Base.lproj/LaunchScreen.storyboard; sourceTree = "<group>"; };
		2830710824BC485500E96718 /* Info.plist */ = {isa = PBXFileReference; lastKnownFileType = text.plist.xml; path = Info.plist; sourceTree = "<group>"; };
		2830710E24BC485F00E96718 /* extension.swift */ = {isa = PBXFileReference; lastKnownFileType = sourcecode.swift; path = extension.swift; sourceTree = "<group>"; };
/* End PBXFileReference section */

/* Begin PBXFrameworksBuildPhase section */
		283070F424BC485400E96718 /* Frameworks */ = {
			isa = PBXFrameworksBuildPhase;
			buildActionMask = 2147483647;
			files = (
			);
			runOnlyForDeploymentPostprocessing = 0;
		};
/* End PBXFrameworksBuildPhase section */

/* Begin PBXGroup section */
		283070EE24BC485400E96718 = {
			isa = PBXGroup;
			children = (
				283070F924BC485400E96718 /* swift_image_cacher */,
				283070F824BC485400E96718 /* Products */,
			);
			sourceTree = "<group>";
		};
		283070F824BC485400E96718 /* Products */ = {
			isa = PBXGroup;
			children = (
				283070F724BC485400E96718 /* swift_image_cacher.app */,
			);
			name = Products;
			sourceTree = "<group>";
		};
		283070F924BC485400E96718 /* swift_image_cacher */ = {
			isa = PBXGroup;
			children = (
				283070FA24BC485400E96718 /* AppDelegate.swift */,
				283070FC24BC485400E96718 /* SceneDelegate.swift */,
				283070FE24BC485400E96718 /* ViewController.swift */,
				2830710024BC485400E96718 /* Main.storyboard */,
				2830710324BC485500E96718 /* Assets.xcassets */,
				2830710524BC485500E96718 /* LaunchScreen.storyboard */,
				2830710824BC485500E96718 /* Info.plist */,
				2830710E24BC485F00E96718 /* extension.swift */,
			);
			path = swift_image_cacher;
			sourceTree = "<group>";
		};
/* End PBXGroup section */

/* Begin PBXNativeTarget section */
		283070F624BC485400E96718 /* swift_image_cacher */ = {
			isa = PBXNativeTarget;
			buildConfigurationList = 2830710B24BC485500E96718 /* Build configuration list for PBXNativeTarget "swift_image_cacher" */;
			buildPhases = (
				283070F324BC485400E96718 /* Sources */,
				283070F424BC485400E96718 /* Frameworks */,
				283070F524BC485400E96718 /* Resources */,
			);
			buildRules = (
			);
			dependencies = (
			);
			name = swift_image_cacher;
			productName = swift_image_cacher;
			productReference = 283070F724BC485400E96718 /* swift_image_cacher.app */;
			productType = "com.apple.product-type.application";
		};
/* End PBXNativeTarget section */

/* Begin PBXProject section */
		283070EF24BC485400E96718 /* Project object */ = {
			isa = PBXProject;
			attributes = {
				LastSwiftUpdateCheck = 1150;
				LastUpgradeCheck = 1150;
				ORGANIZATIONNAME = "shin seunghyun";
				TargetAttributes = {
					283070F624BC485400E96718 = {
						CreatedOnToolsVersion = 11.5;
					};
				};
			};
			buildConfigurationList = 283070F224BC485400E96718 /* Build configuration list for PBXProject "swift_image_cacher" */;
			compatibilityVersion = "Xcode 9.3";
			developmentRegion = en;
			hasScannedForEncodings = 0;
			knownRegions = (
				en,
				Base,
			);
			mainGroup = 283070EE24BC485400E96718;
			productRefGroup = 283070F824BC485400E96718 /* Products */;
			projectDirPath = "";
			projectRoot = "";
			targets = (
				283070F624BC485400E96718 /* swift_image_cacher */,
			);
		};
/* End PBXProject section */

/* Begin PBXResourcesBuildPhase section */
		283070F524BC485400E96718 /* Resources */ = {
			isa = PBXResourcesBuildPhase;
			buildActionMask = 2147483647;
			files = (
				2830710724BC485500E96718 /* LaunchScreen.storyboard in Resources */,
				2830710424BC485500E96718 /* Assets.xcassets in Resources */,
				2830710224BC485400E96718 /* Main.storyboard in Resources */,
			);
			runOnlyForDeploymentPostprocessing = 0;
		};
/* End PBXResourcesBuildPhase section */

/* Begin PBXSourcesBuildPhase section */
		283070F324BC485400E96718 /* Sources */ = {
			isa = PBXSourcesBuildPhase;
			buildActionMask = 2147483647;
			files = (
				283070FF24BC485400E96718 /* ViewController.swift in Sources */,
				283070FB24BC485400E96718 /* AppDelegate.swift in Sources */,
				283070FD24BC485400E96718 /* SceneDelegate.swift in Sources */,
				2830710F24BC485F00E96718 /* extension.swift in Sources */,
			);
			runOnlyForDeploymentPostprocessing = 0;
		};
/* End PBXSourcesBuildPhase section */

/* Begin PBXVariantGroup section */
		2830710024BC485400E96718 /* Main.storyboard */ = {
			isa = PBXVariantGroup;
			children = (
				2830710124BC485400E96718 /* Base */,
			);
			name = Main.storyboard;
			sourceTree = "<group>";
		};
		2830710524BC485500E96718 /* LaunchScreen.storyboard */ = {
			isa = PBXVariantGroup;
			children = (
				2830710624BC485500E96718 /* Base */,
			);
			name = LaunchScreen.storyboard;
			sourceTree = "<group>";
		};
/* End PBXVariantGroup section */

/* Begin XCBuildConfiguration section */
		2830710924BC485500E96718 /* Debug */ = {
			isa = XCBuildConfiguration;
			buildSettings = {
				ALWAYS_SEARCH_USER_PATHS = NO;
				CLANG_ANALYZER_NONNULL = YES;
				CLANG_ANALYZER_NUMBER_OBJECT_CONVERSION = YES_AGGRESSIVE;
				CLANG_CXX_LANGUAGE_STANDARD = "gnu++14";
				CLANG_CXX_LIBRARY = "libc++";
				CLANG_ENABLE_MODULES = YES;
				CLANG_ENABLE_OBJC_ARC = YES;
				CLANG_ENABLE_OBJC_WEAK = YES;
				CLANG_WARN_BLOCK_CAPTURE_AUTORELEASING = YES;
				CLANG_WARN_BOOL_CONVERSION = YES;
				CLANG_WARN_COMMA = YES;
				CLANG_WARN_CONSTANT_CONVERSION = YES;
				CLANG_WARN_DEPRECATED_OBJC_IMPLEMENTATIONS = YES;
				CLANG_WARN_DIRECT_OBJC_ISA_USAGE = YES_ERROR;
				CLANG_WARN_DOCUMENTATION_COMMENTS = YES;
				CLANG_WARN_EMPTY_BODY = YES;
				CLANG_WARN_ENUM_CONVERSION = YES;
				CLANG_WARN_INFINITE_RECURSION = YES;
				CLANG_WARN_INT_CONVERSION = YES;
				CLANG_WARN_NON_LITERAL_NULL_CONVERSION = YES;
				CLANG_WARN_OBJC_IMPLICIT_RETAIN_SELF = YES;
				CLANG_WARN_OBJC_LITERAL_CONVERSION = YES;
				CLANG_WARN_OBJC_ROOT_CLASS = YES_ERROR;
				CLANG_WARN_RANGE_LOOP_ANALYSIS = YES;
				CLANG_WARN_STRICT_PROTOTYPES = YES;
				CLANG_WARN_SUSPICIOUS_MOVE = YES;
				CLANG_WARN_UNGUARDED_AVAILABILITY = YES_AGGRESSIVE;
				CLANG_WARN_UNREACHABLE_CODE = YES;
				CLANG_WARN__DUPLICATE_METHOD_MATCH = YES;
				COPY_PHASE_STRIP = NO;
				DEBUG_INFORMATION_FORMAT = dwarf;
				ENABLE_STRICT_OBJC_MSGSEND = YES;
				ENABLE_TESTABILITY = YES;
				GCC_C_LANGUAGE_STANDARD = gnu11;
				GCC_DYNAMIC_NO_PIC = NO;
				GCC_NO_COMMON_BLOCKS = YES;
				GCC_OPTIMIZATION_LEVEL = 0;
				GCC_PREPROCESSOR_DEFINITIONS = (
					"DEBUG=1",
					"$(inherited)",
				);
				GCC_WARN_64_TO_32_BIT_CONVERSION = YES;
				GCC_WARN_ABOUT_RETURN_TYPE = YES_ERROR;
				GCC_WARN_UNDECLARED_SELECTOR = YES;
				GCC_WARN_UNINITIALIZED_AUTOS = YES_AGGRESSIVE;
				GCC_WARN_UNUSED_FUNCTION = YES;
				GCC_WARN_UNUSED_VARIABLE = YES;
				IPHONEOS_DEPLOYMENT_TARGET = 13.5;
				MTL_ENABLE_DEBUG_INFO = INCLUDE_SOURCE;
				MTL_FAST_MATH = YES;
				ONLY_ACTIVE_ARCH = YES;
				SDKROOT = iphoneos;
				SWIFT_ACTIVE_COMPILATION_CONDITIONS = DEBUG;
				SWIFT_OPTIMIZATION_LEVEL = "-Onone";
			};
			name = Debug;
		};
		2830710A24BC485500E96718 /* Release */ = {
			isa = XCBuildConfiguration;
			buildSettings = {
				ALWAYS_SEARCH_USER_PATHS = NO;
				CLANG_ANALYZER_NONNULL = YES;
				CLANG_ANALYZER_NUMBER_OBJECT_CONVERSION = YES_AGGRESSIVE;
				CLANG_CXX_LANGUAGE_STANDARD = "gnu++14";
				CLANG_CXX_LIBRARY = "libc++";
				CLANG_ENABLE_MODULES = YES;
				CLANG_ENABLE_OBJC_ARC = YES;
				CLANG_ENABLE_OBJC_WEAK = YES;
				CLANG_WARN_BLOCK_CAPTURE_AUTORELEASING = YES;
				CLANG_WARN_BOOL_CONVERSION = YES;
				CLANG_WARN_COMMA = YES;
				CLANG_WARN_CONSTANT_CONVERSION = YES;
				CLANG_WARN_DEPRECATED_OBJC_IMPLEMENTATIONS = YES;
				CLANG_WARN_DIRECT_OBJC_ISA_USAGE = YES_ERROR;
				CLANG_WARN_DOCUMENTATION_COMMENTS = YES;
				CLANG_WARN_EMPTY_BODY = YES;
				CLANG_WARN_ENUM_CONVERSION = YES;
				CLANG_WARN_INFINITE_RECURSION = YES;
				CLANG_WARN_INT_CONVERSION = YES;
				CLANG_WARN_NON_LITERAL_NULL_CONVERSION = YES;
				CLANG_WARN_OBJC_IMPLICIT_RETAIN_SELF = YES;
				CLANG_WARN_OBJC_LITERAL_CONVERSION = YES;
				CLANG_WARN_OBJC_ROOT_CLASS = YES_ERROR;
				CLANG_WARN_RANGE_LOOP_ANALYSIS = YES;
				CLANG_WARN_STRICT_PROTOTYPES = YES;
				CLANG_WARN_SUSPICIOUS_MOVE = YES;
				CLANG_WARN_UNGUARDED_AVAILABILITY = YES_AGGRESSIVE;
				CLANG_WARN_UNREACHABLE_CODE = YES;
				CLANG_WARN__DUPLICATE_METHOD_MATCH = YES;
				COPY_PHASE_STRIP = NO;
				DEBUG_INFORMATION_FORMAT = "dwarf-with-dsym";
				ENABLE_NS_ASSERTIONS = NO;
				ENABLE_STRICT_OBJC_MSGSEND = YES;
				GCC_C_LANGUAGE_STANDARD = gnu11;
				GCC_NO_COMMON_BLOCKS = YES;
				GCC_WARN_64_TO_32_BIT_CONVERSION = YES;
				GCC_WARN_ABOUT_RETURN_TYPE = YES_ERROR;
				GCC_WARN_UNDECLARED_SELECTOR = YES;
				GCC_WARN_UNINITIALIZED_AUTOS = YES_AGGRESSIVE;
				GCC_WARN_UNUSED_FUNCTION = YES;
				GCC_WARN_UNUSED_VARIABLE = YES;
				IPHONEOS_DEPLOYMENT_TARGET = 13.5;
				MTL_ENABLE_DEBUG_INFO = NO;
				MTL_FAST_MATH = YES;
				SDKROOT = iphoneos;
				SWIFT_COMPILATION_MODE = wholemodule;
				SWIFT_OPTIMIZATION_LEVEL = "-O";
				VALIDATE_PRODUCT = YES;
			};
			name = Release;
		};
		2830710C24BC485500E96718 /* Debug */ = {
			isa = XCBuildConfiguration;
			buildSettings = {
				ASSETCATALOG_COMPILER_APPICON_NAME = AppIcon;
				CODE_SIGN_STYLE = Automatic;
				DEVELOPMENT_TEAM = 35W7TZ9DUM;
				INFOPLIST_FILE = swift_image_cacher/Info.plist;
				LD_RUNPATH_SEARCH_PATHS = (
					"$(inherited)",
					"@executable_path/Frameworks",
				);
				PRODUCT_BUNDLE_IDENTIFIER = "com.paige.swift-image-cacher";
				PRODUCT_NAME = "$(TARGET_NAME)";
				SWIFT_VERSION = 5.0;
				TARGETED_DEVICE_FAMILY = "1,2";
			};
			name = Debug;
		};
		2830710D24BC485500E96718 /* Release */ = {
			isa = XCBuildConfiguration;
			buildSettings = {
				ASSETCATALOG_COMPILER_APPICON_NAME = AppIcon;
				CODE_SIGN_STYLE = Automatic;
				DEVELOPMENT_TEAM = 35W7TZ9DUM;
				INFOPLIST_FILE = swift_image_cacher/Info.plist;
				LD_RUNPATH_SEARCH_PATHS = (
					"$(inherited)",
					"@executable_path/Frameworks",
				);
				PRODUCT_BUNDLE_IDENTIFIER = "com.paige.swift-image-cacher";
				PRODUCT_NAME = "$(TARGET_NAME)";
				SWIFT_VERSION = 5.0;
				TARGETED_DEVICE_FAMILY = "1,2";
			};
			name = Release;
		};
/* End XCBuildConfiguration section */

/* Begin XCConfigurationList section */
		283070F224BC485400E96718 /* Build configuration list for PBXProject "swift_image_cacher" */ = {
			isa = XCConfigurationList;
			buildConfigurations = (
				2830710924BC485500E96718 /* Debug */,
				2830710A24BC485500E96718 /* Release */,
			);
			defaultConfigurationIsVisible = 0;
			defaultConfigurationName = Release;
		};
		2830710B24BC485500E96718 /* Build configuration list for PBXNativeTarget "swift_image_cacher" */ = {
			isa = XCConfigurationList;
			buildConfigurations = (
				2830710C24BC485500E96718 /* Debug */,
				2830710D24BC485500E96718 /* Release */,
			);
			defaultConfigurationIsVisible = 0;
			defaultConfigurationName = Release;
		};
/* End XCConfigurationList section */
	};
	rootObject = 283070EF24BC485400E96718 /* Project object */;
}
